# This file is autogenerated, do not edit; changes may be undone by the next 'dep ensure'.


[[projects]]
  name = "github.com/gruntwork-io/terratest"
  packages = [
    "modules/collections",
    "modules/logger",
    "modules/retry",
    "modules/shell",
    "modules/terraform"
  ]
  revision = "a3246fed2e3e40b345e13a745e435b36b17d0c16"
  version = "v0.9.15"

[[projects]]
  branch = "master"
  name = "golang.org/x/net"
  packages = ["context"]
  revision = "81d44fd177a98d09fe3bc40a5a78d495d3f042ea"

[solve-meta]
  analyzer-name = "dep"
  analyzer-version = 1
  inputs-digest = "a6f770cba7e17fee9cd030dd42a09f70570bf784e30ff437bda5909387200e14"
  solver-name = "gps-cdcl"
  solver-version = 1
